// !$*UTF8*$!
{
	archiveVersion = 1;
	classes = {
	};
	objectVersion = 46;
	objects = {

/* Begin PBXBuildFile section */
		625B68441ECDEFFF007D2CB2 /* AppDelegate.swift in Sources */ = {isa = PBXBuildFile; fileRef = 625B68431ECDEFFF007D2CB2 /* AppDelegate.swift */; };
		625B68461ECDEFFF007D2CB2 /* ViewController.swift in Sources */ = {isa = PBXBuildFile; fileRef = 625B68451ECDEFFF007D2CB2 /* ViewController.swift */; };
		625B68491ECDEFFF007D2CB2 /* Main.storyboard in Resources */ = {isa = PBXBuildFile; fileRef = 625B68471ECDEFFF007D2CB2 /* Main.storyboard */; };
		625B684B1ECDEFFF007D2CB2 /* Assets.xcassets in Resources */ = {isa = PBXBuildFile; fileRef = 625B684A1ECDEFFF007D2CB2 /* Assets.xcassets */; };
		625B684E1ECDEFFF007D2CB2 /* LaunchScreen.storyboard in Resources */ = {isa = PBXBuildFile; fileRef = 625B684C1ECDEFFF007D2CB2 /* LaunchScreen.storyboard */; };
		625B68591ECDEFFF007D2CB2 /* sampleTests.swift in Sources */ = {isa = PBXBuildFile; fileRef = 625B68581ECDEFFF007D2CB2 /* sampleTests.swift */; };
		625B68641ECDEFFF007D2CB2 /* sampleUITests.swift in Sources */ = {isa = PBXBuildFile; fileRef = 625B68631ECDEFFF007D2CB2 /* sampleUITests.swift */; };
		625B68E91ECDF07E007D2CB2 /* MyMessageModel.swift in Sources */ = {isa = PBXBuildFile; fileRef = 625B68E71ECDF07E007D2CB2 /* MyMessageModel.swift */; };
		625B68EA1ECDF07E007D2CB2 /* MyUser.swift in Sources */ = {isa = PBXBuildFile; fileRef = 625B68E81ECDF07E007D2CB2 /* MyUser.swift */; };
		625B68EF1ECDF1A5007D2CB2 /* defoult_header.png in Resources */ = {isa = PBXBuildFile; fileRef = 625B68EC1ECDF1A5007D2CB2 /* defoult_header.png */; };
		625B68F01ECDF1A5007D2CB2 /* defoult_header@2x.png in Resources */ = {isa = PBXBuildFile; fileRef = 625B68ED1ECDF1A5007D2CB2 /* defoult_header@2x.png */; };
		625B68F11ECDF1A5007D2CB2 /* defoult_header@3x.png in Resources */ = {isa = PBXBuildFile; fileRef = 625B68EE1ECDF1A5007D2CB2 /* defoult_header@3x.png */; };
		62E4D5501EE2A9800034C645 /* IMUIAudioPlayerHelper.swift in Sources */ = {isa = PBXBuildFile; fileRef = 62E4D5091EE2A9800034C645 /* IMUIAudioPlayerHelper.swift */; };
		62E4D5511EE2A9800034C645 /* CGRectExtension.swift in Sources */ = {isa = PBXBuildFile; fileRef = 62E4D50B1EE2A9800034C645 /* CGRectExtension.swift */; };
		62E4D5521EE2A9800034C645 /* CIImageExtension.swift in Sources */ = {isa = PBXBuildFile; fileRef = 62E4D50C1EE2A9800034C645 /* CIImageExtension.swift */; };
		62E4D5531EE2A9800034C645 /* CMSampleBufferExtension.swift in Sources */ = {isa = PBXBuildFile; fileRef = 62E4D50D1EE2A9800034C645 /* CMSampleBufferExtension.swift */; };
		62E4D5541EE2A9800034C645 /* DateExtension.swift in Sources */ = {isa = PBXBuildFile; fileRef = 62E4D50E1EE2A9800034C645 /* DateExtension.swift */; };
		62E4D5551EE2A9800034C645 /* StringExtension.swift in Sources */ = {isa = PBXBuildFile; fileRef = 62E4D50F1EE2A9800034C645 /* StringExtension.swift */; };
		62E4D5561EE2A9800034C645 /* UIColorExtension.swift in Sources */ = {isa = PBXBuildFile; fileRef = 62E4D5101EE2A9800034C645 /* UIColorExtension.swift */; };
		62E4D5571EE2A9800034C645 /* UIImageExtension.swift in Sources */ = {isa = PBXBuildFile; fileRef = 62E4D5111EE2A9800034C645 /* UIImageExtension.swift */; };
		62E4D5581EE2A9800034C645 /* UIViewExtension.swift in Sources */ = {isa = PBXBuildFile; fileRef = 62E4D5121EE2A9800034C645 /* UIViewExtension.swift */; };
		62E4D5591EE2A9800034C645 /* IMUIInputViewAssets.bundle in Resources */ = {isa = PBXBuildFile; fileRef = 62E4D5151EE2A9800034C645 /* IMUIInputViewAssets.bundle */; };
		62E4D55A1EE2A9800034C645 /* IMUIGalleryDataManager.swift in Sources */ = {isa = PBXBuildFile; fileRef = 62E4D5171EE2A9800034C645 /* IMUIGalleryDataManager.swift */; };
		62E4D55B1EE2A9800034C645 /* IMUIInputView.swift in Sources */ = {isa = PBXBuildFile; fileRef = 62E4D5181EE2A9800034C645 /* IMUIInputView.swift */; };
		62E4D55C1EE2A9800034C645 /* IMUIInputView.xib in Resources */ = {isa = PBXBuildFile; fileRef = 62E4D5191EE2A9800034C645 /* IMUIInputView.xib */; };
		62E4D55D1EE2A9800034C645 /* IMUIRecordVoiceHelper.swift in Sources */ = {isa = PBXBuildFile; fileRef = 62E4D51A1EE2A9800034C645 /* IMUIRecordVoiceHelper.swift */; };
		62E4D55E1EE2A9800034C645 /* BundleInputViewExtension.swift in Sources */ = {isa = PBXBuildFile; fileRef = 62E4D51C1EE2A9800034C645 /* BundleInputViewExtension.swift */; };
		62E4D55F1EE2A9800034C645 /* IMUIInputViewDelegate.swift in Sources */ = {isa = PBXBuildFile; fileRef = 62E4D51E1EE2A9800034C645 /* IMUIInputViewDelegate.swift */; };
		62E4D5601EE2A9800034C645 /* IMUICameraCell.swift in Sources */ = {isa = PBXBuildFile; fileRef = 62E4D5201EE2A9800034C645 /* IMUICameraCell.swift */; };
		62E4D5611EE2A9800034C645 /* IMUICameraCell.xib in Resources */ = {isa = PBXBuildFile; fileRef = 62E4D5211EE2A9800034C645 /* IMUICameraCell.xib */; };
		62E4D5621EE2A9800034C645 /* IMUICameraPreviewView.swift in Sources */ = {isa = PBXBuildFile; fileRef = 62E4D5221EE2A9800034C645 /* IMUICameraPreviewView.swift */; };
		62E4D5631EE2A9800034C645 /* IMUIFeatureView.swift in Sources */ = {isa = PBXBuildFile; fileRef = 62E4D5231EE2A9800034C645 /* IMUIFeatureView.swift */; };
		62E4D5641EE2A9800034C645 /* IMUIFeatureView.xib in Resources */ = {isa = PBXBuildFile; fileRef = 62E4D5241EE2A9800034C645 /* IMUIFeatureView.xib */; };
		62E4D5651EE2A9800034C645 /* IMUIGalleryCell.swift in Sources */ = {isa = PBXBuildFile; fileRef = 62E4D5251EE2A9800034C645 /* IMUIGalleryCell.swift */; };
		62E4D5661EE2A9800034C645 /* IMUIGalleryCell.xib in Resources */ = {isa = PBXBuildFile; fileRef = 62E4D5261EE2A9800034C645 /* IMUIGalleryCell.xib */; };
		62E4D5671EE2A9800034C645 /* IMUIPhotoCaptureDelegate.swift in Sources */ = {isa = PBXBuildFile; fileRef = 62E4D5271EE2A9800034C645 /* IMUIPhotoCaptureDelegate.swift */; };
		62E4D5681EE2A9800034C645 /* IMUIProgressButton.swift in Sources */ = {isa = PBXBuildFile; fileRef = 62E4D5281EE2A9800034C645 /* IMUIProgressButton.swift */; };
		62E4D5691EE2A9800034C645 /* IMUIRecordVoiceCell.swift in Sources */ = {isa = PBXBuildFile; fileRef = 62E4D5291EE2A9800034C645 /* IMUIRecordVoiceCell.swift */; };
		62E4D56A1EE2A9800034C645 /* IMUIRecordVoiceCell.xib in Resources */ = {isa = PBXBuildFile; fileRef = 62E4D52A1EE2A9800034C645 /* IMUIRecordVoiceCell.xib */; };
		62E4D56B1EE2A9800034C645 /* IMUIAssets.bundle in Resources */ = {isa = PBXBuildFile; fileRef = 62E4D52D1EE2A9800034C645 /* IMUIAssets.bundle */; };
		62E4D56C1EE2A9800034C645 /* IMUIChatDataManager.swift in Sources */ = {isa = PBXBuildFile; fileRef = 62E4D52F1EE2A9800034C645 /* IMUIChatDataManager.swift */; };
		62E4D56D1EE2A9800034C645 /* IMUIChatLayout.swift in Sources */ = {isa = PBXBuildFile; fileRef = 62E4D5301EE2A9800034C645 /* IMUIChatLayout.swift */; };
		62E4D56E1EE2A9800034C645 /* IMUIVideoFileLoader.swift in Sources */ = {isa = PBXBuildFile; fileRef = 62E4D5311EE2A9800034C645 /* IMUIVideoFileLoader.swift */; };
		62E4D56F1EE2A9800034C645 /* BundleMessageListExtension.swift in Sources */ = {isa = PBXBuildFile; fileRef = 62E4D5331EE2A9800034C645 /* BundleMessageListExtension.swift */; };
		62E4D5701EE2A9800034C645 /* UIImageMessageListExtension.swift in Sources */ = {isa = PBXBuildFile; fileRef = 62E4D5341EE2A9800034C645 /* UIImageMessageListExtension.swift */; };
		62E4D5711EE2A9800034C645 /* IMUIMessageCellLayout.swift in Sources */ = {isa = PBXBuildFile; fileRef = 62E4D5371EE2A9800034C645 /* IMUIMessageCellLayout.swift */; };
		62E4D5721EE2A9800034C645 /* IMUIMessageModel.swift in Sources */ = {isa = PBXBuildFile; fileRef = 62E4D5391EE2A9800034C645 /* IMUIMessageModel.swift */; };
		62E4D5731EE2A9800034C645 /* IMUIReuseViewCache.swift in Sources */ = {isa = PBXBuildFile; fileRef = 62E4D53A1EE2A9800034C645 /* IMUIReuseViewCache.swift */; };
		62E4D5741EE2A9800034C645 /* IMUIViewCache.swift in Sources */ = {isa = PBXBuildFile; fileRef = 62E4D53B1EE2A9800034C645 /* IMUIViewCache.swift */; };
		62E4D5751EE2A9800034C645 /* IMUIMessageCellLayoutProtocal.swift in Sources */ = {isa = PBXBuildFile; fileRef = 62E4D53D1EE2A9800034C645 /* IMUIMessageCellLayoutProtocal.swift */; };
		62E4D5761EE2A9800034C645 /* IMUIMessageCellProtocal.swift in Sources */ = {isa = PBXBuildFile; fileRef = 62E4D53E1EE2A9800034C645 /* IMUIMessageCellProtocal.swift */; };
		62E4D5771EE2A9800034C645 /* IMUIMessageMessageCollectionViewDelegate.swift in Sources */ = {isa = PBXBuildFile; fileRef = 62E4D53F1EE2A9800034C645 /* IMUIMessageMessageCollectionViewDelegate.swift */; };
		62E4D5781EE2A9800034C645 /* IMUIMessageModelProtocol.swift in Sources */ = {isa = PBXBuildFile; fileRef = 62E4D5401EE2A9800034C645 /* IMUIMessageModelProtocol.swift */; };
		62E4D5791EE2A9800034C645 /* IMUIMessageStatusViewProtocal.swift in Sources */ = {isa = PBXBuildFile; fileRef = 62E4D5411EE2A9800034C645 /* IMUIMessageStatusViewProtocal.swift */; };
		62E4D57A1EE2A9800034C645 /* IMUIUserProtocol.swift in Sources */ = {isa = PBXBuildFile; fileRef = 62E4D5421EE2A9800034C645 /* IMUIUserProtocol.swift */; };
		62E4D57B1EE2A9800034C645 /* CIImageView.swift in Sources */ = {isa = PBXBuildFile; fileRef = 62E4D5441EE2A9800034C645 /* CIImageView.swift */; };
		62E4D57C1EE2A9800034C645 /* IMUIBaseMessageCell.swift in Sources */ = {isa = PBXBuildFile; fileRef = 62E4D5451EE2A9800034C645 /* IMUIBaseMessageCell.swift */; };
		62E4D57D1EE2A9800034C645 /* IMUIImageMessageCell.swift in Sources */ = {isa = PBXBuildFile; fileRef = 62E4D5461EE2A9800034C645 /* IMUIImageMessageCell.swift */; };
		62E4D57E1EE2A9800034C645 /* IMUILiveVideoMessageCell.swift in Sources */ = {isa = PBXBuildFile; fileRef = 62E4D5471EE2A9800034C645 /* IMUILiveVideoMessageCell.swift */; };
		62E4D57F1EE2A9800034C645 /* IMUIMessageBubbleView.swift in Sources */ = {isa = PBXBuildFile; fileRef = 62E4D5481EE2A9800034C645 /* IMUIMessageBubbleView.swift */; };
		62E4D5801EE2A9800034C645 /* IMUIMessageCollectionView.swift in Sources */ = {isa = PBXBuildFile; fileRef = 62E4D5491EE2A9800034C645 /* IMUIMessageCollectionView.swift */; };
		62E4D5811EE2A9800034C645 /* IMUIMessageCollectionView.xib in Resources */ = {isa = PBXBuildFile; fileRef = 62E4D54A1EE2A9800034C645 /* IMUIMessageCollectionView.xib */; };
		62E4D5821EE2A9800034C645 /* IMUIMessageStatusView.swift in Sources */ = {isa = PBXBuildFile; fileRef = 62E4D54B1EE2A9800034C645 /* IMUIMessageStatusView.swift */; };
		62E4D5831EE2A9800034C645 /* IMUITextMessageCell.swift in Sources */ = {isa = PBXBuildFile; fileRef = 62E4D54C1EE2A9800034C645 /* IMUITextMessageCell.swift */; };
		62E4D5841EE2A9800034C645 /* IMUITextView.swift in Sources */ = {isa = PBXBuildFile; fileRef = 62E4D54D1EE2A9800034C645 /* IMUITextView.swift */; };
		62E4D5851EE2A9800034C645 /* IMUIVideoMessageCell.swift in Sources */ = {isa = PBXBuildFile; fileRef = 62E4D54E1EE2A9800034C645 /* IMUIVideoMessageCell.swift */; };
		62E4D5861EE2A9800034C645 /* IMUIVoiceMessageCell.swift in Sources */ = {isa = PBXBuildFile; fileRef = 62E4D54F1EE2A9800034C645 /* IMUIVoiceMessageCell.swift */; };
/* End PBXBuildFile section */

/* Begin PBXContainerItemProxy section */
		625B68551ECDEFFF007D2CB2 /* PBXContainerItemProxy */ = {
			isa = PBXContainerItemProxy;
			containerPortal = 625B68381ECDEFFF007D2CB2 /* Project object */;
			proxyType = 1;
			remoteGlobalIDString = 625B683F1ECDEFFF007D2CB2;
			remoteInfo = sample;
		};
		625B68601ECDEFFF007D2CB2 /* PBXContainerItemProxy */ = {
			isa = PBXContainerItemProxy;
			containerPortal = 625B68381ECDEFFF007D2CB2 /* Project object */;
			proxyType = 1;
			remoteGlobalIDString = 625B683F1ECDEFFF007D2CB2;
			remoteInfo = sample;
		};
/* End PBXContainerItemProxy section */

/* Begin PBXFileReference section */
		625B68401ECDEFFF007D2CB2 /* sample.app */ = {isa = PBXFileReference; explicitFileType = wrapper.application; includeInIndex = 0; path = sample.app; sourceTree = BUILT_PRODUCTS_DIR; };
		625B68431ECDEFFF007D2CB2 /* AppDelegate.swift */ = {isa = PBXFileReference; lastKnownFileType = sourcecode.swift; path = AppDelegate.swift; sourceTree = "<group>"; };
		625B68451ECDEFFF007D2CB2 /* ViewController.swift */ = {isa = PBXFileReference; lastKnownFileType = sourcecode.swift; path = ViewController.swift; sourceTree = "<group>"; };
		625B68481ECDEFFF007D2CB2 /* Base */ = {isa = PBXFileReference; lastKnownFileType = file.storyboard; name = Base; path = Base.lproj/Main.storyboard; sourceTree = "<group>"; };
		625B684A1ECDEFFF007D2CB2 /* Assets.xcassets */ = {isa = PBXFileReference; lastKnownFileType = folder.assetcatalog; path = Assets.xcassets; sourceTree = "<group>"; };
		625B684D1ECDEFFF007D2CB2 /* Base */ = {isa = PBXFileReference; lastKnownFileType = file.storyboard; name = Base; path = Base.lproj/LaunchScreen.storyboard; sourceTree = "<group>"; };
		625B684F1ECDEFFF007D2CB2 /* Info.plist */ = {isa = PBXFileReference; lastKnownFileType = text.plist.xml; path = Info.plist; sourceTree = "<group>"; };
		625B68541ECDEFFF007D2CB2 /* sampleTests.xctest */ = {isa = PBXFileReference; explicitFileType = wrapper.cfbundle; includeInIndex = 0; path = sampleTests.xctest; sourceTree = BUILT_PRODUCTS_DIR; };
		625B68581ECDEFFF007D2CB2 /* sampleTests.swift */ = {isa = PBXFileReference; lastKnownFileType = sourcecode.swift; path = sampleTests.swift; sourceTree = "<group>"; };
		625B685A1ECDEFFF007D2CB2 /* Info.plist */ = {isa = PBXFileReference; lastKnownFileType = text.plist.xml; path = Info.plist; sourceTree = "<group>"; };
		625B685F1ECDEFFF007D2CB2 /* sampleUITests.xctest */ = {isa = PBXFileReference; explicitFileType = wrapper.cfbundle; includeInIndex = 0; path = sampleUITests.xctest; sourceTree = BUILT_PRODUCTS_DIR; };
		625B68631ECDEFFF007D2CB2 /* sampleUITests.swift */ = {isa = PBXFileReference; lastKnownFileType = sourcecode.swift; path = sampleUITests.swift; sourceTree = "<group>"; };
		625B68651ECDEFFF007D2CB2 /* Info.plist */ = {isa = PBXFileReference; lastKnownFileType = text.plist.xml; path = Info.plist; sourceTree = "<group>"; };
		625B68E71ECDF07E007D2CB2 /* MyMessageModel.swift */ = {isa = PBXFileReference; fileEncoding = 4; lastKnownFileType = sourcecode.swift; path = MyMessageModel.swift; sourceTree = "<group>"; };
		625B68E81ECDF07E007D2CB2 /* MyUser.swift */ = {isa = PBXFileReference; fileEncoding = 4; lastKnownFileType = sourcecode.swift; path = MyUser.swift; sourceTree = "<group>"; };
		625B68EC1ECDF1A5007D2CB2 /* defoult_header.png */ = {isa = PBXFileReference; lastKnownFileType = image.png; path = defoult_header.png; sourceTree = "<group>"; };
		625B68ED1ECDF1A5007D2CB2 /* defoult_header@2x.png */ = {isa = PBXFileReference; lastKnownFileType = image.png; path = "defoult_header@2x.png"; sourceTree = "<group>"; };
		625B68EE1ECDF1A5007D2CB2 /* defoult_header@3x.png */ = {isa = PBXFileReference; lastKnownFileType = image.png; path = "defoult_header@3x.png"; sourceTree = "<group>"; };
		62E4D5091EE2A9800034C645 /* IMUIAudioPlayerHelper.swift */ = {isa = PBXFileReference; fileEncoding = 4; lastKnownFileType = sourcecode.swift; path = IMUIAudioPlayerHelper.swift; sourceTree = "<group>"; };
		62E4D50B1EE2A9800034C645 /* CGRectExtension.swift */ = {isa = PBXFileReference; fileEncoding = 4; lastKnownFileType = sourcecode.swift; path = CGRectExtension.swift; sourceTree = "<group>"; };
		62E4D50C1EE2A9800034C645 /* CIImageExtension.swift */ = {isa = PBXFileReference; fileEncoding = 4; lastKnownFileType = sourcecode.swift; path = CIImageExtension.swift; sourceTree = "<group>"; };
		62E4D50D1EE2A9800034C645 /* CMSampleBufferExtension.swift */ = {isa = PBXFileReference; fileEncoding = 4; lastKnownFileType = sourcecode.swift; path = CMSampleBufferExtension.swift; sourceTree = "<group>"; };
		62E4D50E1EE2A9800034C645 /* DateExtension.swift */ = {isa = PBXFileReference; fileEncoding = 4; lastKnownFileType = sourcecode.swift; path = DateExtension.swift; sourceTree = "<group>"; };
		62E4D50F1EE2A9800034C645 /* StringExtension.swift */ = {isa = PBXFileReference; fileEncoding = 4; lastKnownFileType = sourcecode.swift; path = StringExtension.swift; sourceTree = "<group>"; };
		62E4D5101EE2A9800034C645 /* UIColorExtension.swift */ = {isa = PBXFileReference; fileEncoding = 4; lastKnownFileType = sourcecode.swift; path = UIColorExtension.swift; sourceTree = "<group>"; };
		62E4D5111EE2A9800034C645 /* UIImageExtension.swift */ = {isa = PBXFileReference; fileEncoding = 4; lastKnownFileType = sourcecode.swift; path = UIImageExtension.swift; sourceTree = "<group>"; };
		62E4D5121EE2A9800034C645 /* UIViewExtension.swift */ = {isa = PBXFileReference; fileEncoding = 4; lastKnownFileType = sourcecode.swift; path = UIViewExtension.swift; sourceTree = "<group>"; };
		62E4D5151EE2A9800034C645 /* IMUIInputViewAssets.bundle */ = {isa = PBXFileReference; lastKnownFileType = "wrapper.plug-in"; path = IMUIInputViewAssets.bundle; sourceTree = "<group>"; };
		62E4D5171EE2A9800034C645 /* IMUIGalleryDataManager.swift */ = {isa = PBXFileReference; fileEncoding = 4; lastKnownFileType = sourcecode.swift; path = IMUIGalleryDataManager.swift; sourceTree = "<group>"; };
		62E4D5181EE2A9800034C645 /* IMUIInputView.swift */ = {isa = PBXFileReference; fileEncoding = 4; lastKnownFileType = sourcecode.swift; path = IMUIInputView.swift; sourceTree = "<group>"; };
		62E4D5191EE2A9800034C645 /* IMUIInputView.xib */ = {isa = PBXFileReference; fileEncoding = 4; lastKnownFileType = file.xib; path = IMUIInputView.xib; sourceTree = "<group>"; };
		62E4D51A1EE2A9800034C645 /* IMUIRecordVoiceHelper.swift */ = {isa = PBXFileReference; fileEncoding = 4; lastKnownFileType = sourcecode.swift; path = IMUIRecordVoiceHelper.swift; sourceTree = "<group>"; };
		62E4D51C1EE2A9800034C645 /* BundleInputViewExtension.swift */ = {isa = PBXFileReference; fileEncoding = 4; lastKnownFileType = sourcecode.swift; path = BundleInputViewExtension.swift; sourceTree = "<group>"; };
		62E4D51E1EE2A9800034C645 /* IMUIInputViewDelegate.swift */ = {isa = PBXFileReference; fileEncoding = 4; lastKnownFileType = sourcecode.swift; path = IMUIInputViewDelegate.swift; sourceTree = "<group>"; };
		62E4D5201EE2A9800034C645 /* IMUICameraCell.swift */ = {isa = PBXFileReference; fileEncoding = 4; lastKnownFileType = sourcecode.swift; path = IMUICameraCell.swift; sourceTree = "<group>"; };
		62E4D5211EE2A9800034C645 /* IMUICameraCell.xib */ = {isa = PBXFileReference; fileEncoding = 4; lastKnownFileType = file.xib; path = IMUICameraCell.xib; sourceTree = "<group>"; };
		62E4D5221EE2A9800034C645 /* IMUICameraPreviewView.swift */ = {isa = PBXFileReference; fileEncoding = 4; lastKnownFileType = sourcecode.swift; path = IMUICameraPreviewView.swift; sourceTree = "<group>"; };
		62E4D5231EE2A9800034C645 /* IMUIFeatureView.swift */ = {isa = PBXFileReference; fileEncoding = 4; lastKnownFileType = sourcecode.swift; path = IMUIFeatureView.swift; sourceTree = "<group>"; };
		62E4D5241EE2A9800034C645 /* IMUIFeatureView.xib */ = {isa = PBXFileReference; fileEncoding = 4; lastKnownFileType = file.xib; path = IMUIFeatureView.xib; sourceTree = "<group>"; };
		62E4D5251EE2A9800034C645 /* IMUIGalleryCell.swift */ = {isa = PBXFileReference; fileEncoding = 4; lastKnownFileType = sourcecode.swift; path = IMUIGalleryCell.swift; sourceTree = "<group>"; };
		62E4D5261EE2A9800034C645 /* IMUIGalleryCell.xib */ = {isa = PBXFileReference; fileEncoding = 4; lastKnownFileType = file.xib; path = IMUIGalleryCell.xib; sourceTree = "<group>"; };
		62E4D5271EE2A9800034C645 /* IMUIPhotoCaptureDelegate.swift */ = {isa = PBXFileReference; fileEncoding = 4; lastKnownFileType = sourcecode.swift; path = IMUIPhotoCaptureDelegate.swift; sourceTree = "<group>"; };
		62E4D5281EE2A9800034C645 /* IMUIProgressButton.swift */ = {isa = PBXFileReference; fileEncoding = 4; lastKnownFileType = sourcecode.swift; path = IMUIProgressButton.swift; sourceTree = "<group>"; };
		62E4D5291EE2A9800034C645 /* IMUIRecordVoiceCell.swift */ = {isa = PBXFileReference; fileEncoding = 4; lastKnownFileType = sourcecode.swift; path = IMUIRecordVoiceCell.swift; sourceTree = "<group>"; };
		62E4D52A1EE2A9800034C645 /* IMUIRecordVoiceCell.xib */ = {isa = PBXFileReference; fileEncoding = 4; lastKnownFileType = file.xib; path = IMUIRecordVoiceCell.xib; sourceTree = "<group>"; };
		62E4D52D1EE2A9800034C645 /* IMUIAssets.bundle */ = {isa = PBXFileReference; lastKnownFileType = "wrapper.plug-in"; path = IMUIAssets.bundle; sourceTree = "<group>"; };
		62E4D52F1EE2A9800034C645 /* IMUIChatDataManager.swift */ = {isa = PBXFileReference; fileEncoding = 4; lastKnownFileType = sourcecode.swift; path = IMUIChatDataManager.swift; sourceTree = "<group>"; };
		62E4D5301EE2A9800034C645 /* IMUIChatLayout.swift */ = {isa = PBXFileReference; fileEncoding = 4; lastKnownFileType = sourcecode.swift; path = IMUIChatLayout.swift; sourceTree = "<group>"; };
		62E4D5311EE2A9800034C645 /* IMUIVideoFileLoader.swift */ = {isa = PBXFileReference; fileEncoding = 4; lastKnownFileType = sourcecode.swift; path = IMUIVideoFileLoader.swift; sourceTree = "<group>"; };
		62E4D5331EE2A9800034C645 /* BundleMessageListExtension.swift */ = {isa = PBXFileReference; fileEncoding = 4; lastKnownFileType = sourcecode.swift; path = BundleMessageListExtension.swift; sourceTree = "<group>"; };
		62E4D5341EE2A9800034C645 /* UIImageMessageListExtension.swift */ = {isa = PBXFileReference; fileEncoding = 4; lastKnownFileType = sourcecode.swift; path = UIImageMessageListExtension.swift; sourceTree = "<group>"; };
		62E4D5351EE2A9800034C645 /* IMUI.h */ = {isa = PBXFileReference; fileEncoding = 4; lastKnownFileType = sourcecode.c.h; path = IMUI.h; sourceTree = "<group>"; };
		62E4D5371EE2A9800034C645 /* IMUIMessageCellLayout.swift */ = {isa = PBXFileReference; fileEncoding = 4; lastKnownFileType = sourcecode.swift; path = IMUIMessageCellLayout.swift; sourceTree = "<group>"; };
		62E4D5391EE2A9800034C645 /* IMUIMessageModel.swift */ = {isa = PBXFileReference; fileEncoding = 4; lastKnownFileType = sourcecode.swift; path = IMUIMessageModel.swift; sourceTree = "<group>"; };
		62E4D53A1EE2A9800034C645 /* IMUIReuseViewCache.swift */ = {isa = PBXFileReference; fileEncoding = 4; lastKnownFileType = sourcecode.swift; path = IMUIReuseViewCache.swift; sourceTree = "<group>"; };
		62E4D53B1EE2A9800034C645 /* IMUIViewCache.swift */ = {isa = PBXFileReference; fileEncoding = 4; lastKnownFileType = sourcecode.swift; path = IMUIViewCache.swift; sourceTree = "<group>"; };
		62E4D53D1EE2A9800034C645 /* IMUIMessageCellLayoutProtocal.swift */ = {isa = PBXFileReference; fileEncoding = 4; lastKnownFileType = sourcecode.swift; path = IMUIMessageCellLayoutProtocal.swift; sourceTree = "<group>"; };
		62E4D53E1EE2A9800034C645 /* IMUIMessageCellProtocal.swift */ = {isa = PBXFileReference; fileEncoding = 4; lastKnownFileType = sourcecode.swift; path = IMUIMessageCellProtocal.swift; sourceTree = "<group>"; };
		62E4D53F1EE2A9800034C645 /* IMUIMessageMessageCollectionViewDelegate.swift */ = {isa = PBXFileReference; fileEncoding = 4; lastKnownFileType = sourcecode.swift; path = IMUIMessageMessageCollectionViewDelegate.swift; sourceTree = "<group>"; };
		62E4D5401EE2A9800034C645 /* IMUIMessageModelProtocol.swift */ = {isa = PBXFileReference; fileEncoding = 4; lastKnownFileType = sourcecode.swift; path = IMUIMessageModelProtocol.swift; sourceTree = "<group>"; };
		62E4D5411EE2A9800034C645 /* IMUIMessageStatusViewProtocal.swift */ = {isa = PBXFileReference; fileEncoding = 4; lastKnownFileType = sourcecode.swift; path = IMUIMessageStatusViewProtocal.swift; sourceTree = "<group>"; };
		62E4D5421EE2A9800034C645 /* IMUIUserProtocol.swift */ = {isa = PBXFileReference; fileEncoding = 4; lastKnownFileType = sourcecode.swift; path = IMUIUserProtocol.swift; sourceTree = "<group>"; };
		62E4D5441EE2A9800034C645 /* CIImageView.swift */ = {isa = PBXFileReference; fileEncoding = 4; lastKnownFileType = sourcecode.swift; path = CIImageView.swift; sourceTree = "<group>"; };
		62E4D5451EE2A9800034C645 /* IMUIBaseMessageCell.swift */ = {isa = PBXFileReference; fileEncoding = 4; lastKnownFileType = sourcecode.swift; path = IMUIBaseMessageCell.swift; sourceTree = "<group>"; };
		62E4D5461EE2A9800034C645 /* IMUIImageMessageCell.swift */ = {isa = PBXFileReference; fileEncoding = 4; lastKnownFileType = sourcecode.swift; path = IMUIImageMessageCell.swift; sourceTree = "<group>"; };
		62E4D5471EE2A9800034C645 /* IMUILiveVideoMessageCell.swift */ = {isa = PBXFileReference; fileEncoding = 4; lastKnownFileType = sourcecode.swift; path = IMUILiveVideoMessageCell.swift; sourceTree = "<group>"; };
		62E4D5481EE2A9800034C645 /* IMUIMessageBubbleView.swift */ = {isa = PBXFileReference; fileEncoding = 4; lastKnownFileType = sourcecode.swift; path = IMUIMessageBubbleView.swift; sourceTree = "<group>"; };
		62E4D5491EE2A9800034C645 /* IMUIMessageCollectionView.swift */ = {isa = PBXFileReference; fileEncoding = 4; lastKnownFileType = sourcecode.swift; path = IMUIMessageCollectionView.swift; sourceTree = "<group>"; };
		62E4D54A1EE2A9800034C645 /* IMUIMessageCollectionView.xib */ = {isa = PBXFileReference; fileEncoding = 4; lastKnownFileType = file.xib; path = IMUIMessageCollectionView.xib; sourceTree = "<group>"; };
		62E4D54B1EE2A9800034C645 /* IMUIMessageStatusView.swift */ = {isa = PBXFileReference; fileEncoding = 4; lastKnownFileType = sourcecode.swift; path = IMUIMessageStatusView.swift; sourceTree = "<group>"; };
		62E4D54C1EE2A9800034C645 /* IMUITextMessageCell.swift */ = {isa = PBXFileReference; fileEncoding = 4; lastKnownFileType = sourcecode.swift; path = IMUITextMessageCell.swift; sourceTree = "<group>"; };
		62E4D54D1EE2A9800034C645 /* IMUITextView.swift */ = {isa = PBXFileReference; fileEncoding = 4; lastKnownFileType = sourcecode.swift; path = IMUITextView.swift; sourceTree = "<group>"; };
		62E4D54E1EE2A9800034C645 /* IMUIVideoMessageCell.swift */ = {isa = PBXFileReference; fileEncoding = 4; lastKnownFileType = sourcecode.swift; path = IMUIVideoMessageCell.swift; sourceTree = "<group>"; };
		62E4D54F1EE2A9800034C645 /* IMUIVoiceMessageCell.swift */ = {isa = PBXFileReference; fileEncoding = 4; lastKnownFileType = sourcecode.swift; path = IMUIVoiceMessageCell.swift; sourceTree = "<group>"; };
/* End PBXFileReference section */

/* Begin PBXFrameworksBuildPhase section */
		625B683D1ECDEFFF007D2CB2 /* Frameworks */ = {
			isa = PBXFrameworksBuildPhase;
			buildActionMask = 2147483647;
			files = (
			);
			runOnlyForDeploymentPostprocessing = 0;
		};
		625B68511ECDEFFF007D2CB2 /* Frameworks */ = {
			isa = PBXFrameworksBuildPhase;
			buildActionMask = 2147483647;
			files = (
			);
			runOnlyForDeploymentPostprocessing = 0;
		};
		625B685C1ECDEFFF007D2CB2 /* Frameworks */ = {
			isa = PBXFrameworksBuildPhase;
			buildActionMask = 2147483647;
			files = (
			);
			runOnlyForDeploymentPostprocessing = 0;
		};
/* End PBXFrameworksBuildPhase section */

/* Begin PBXGroup section */
		625B68371ECDEFFF007D2CB2 = {
			isa = PBXGroup;
			children = (
				625B68421ECDEFFF007D2CB2 /* sample */,
				625B68571ECDEFFF007D2CB2 /* sampleTests */,
				625B68621ECDEFFF007D2CB2 /* sampleUITests */,
				625B68411ECDEFFF007D2CB2 /* Products */,
			);
			sourceTree = "<group>";
		};
		625B68411ECDEFFF007D2CB2 /* Products */ = {
			isa = PBXGroup;
			children = (
				625B68401ECDEFFF007D2CB2 /* sample.app */,
				625B68541ECDEFFF007D2CB2 /* sampleTests.xctest */,
				625B685F1ECDEFFF007D2CB2 /* sampleUITests.xctest */,
			);
			name = Products;
			sourceTree = "<group>";
		};
		625B68421ECDEFFF007D2CB2 /* sample */ = {
			isa = PBXGroup;
			children = (
				62E4D5071EE2A9800034C645 /* IMUICommon */,
				62E4D5131EE2A9800034C645 /* IMUIInputView */,
				62E4D52B1EE2A9800034C645 /* IMUIMessageCollectionView */,
				625B68431ECDEFFF007D2CB2 /* AppDelegate.swift */,
				625B68451ECDEFFF007D2CB2 /* ViewController.swift */,
				625B68E71ECDF07E007D2CB2 /* MyMessageModel.swift */,
				625B68E81ECDF07E007D2CB2 /* MyUser.swift */,
				625B68EB1ECDF1A5007D2CB2 /* Rescources */,
				625B68471ECDEFFF007D2CB2 /* Main.storyboard */,
				625B684A1ECDEFFF007D2CB2 /* Assets.xcassets */,
				625B684C1ECDEFFF007D2CB2 /* LaunchScreen.storyboard */,
				625B684F1ECDEFFF007D2CB2 /* Info.plist */,
			);
			path = sample;
			sourceTree = "<group>";
		};
		625B68571ECDEFFF007D2CB2 /* sampleTests */ = {
			isa = PBXGroup;
			children = (
				625B68581ECDEFFF007D2CB2 /* sampleTests.swift */,
				625B685A1ECDEFFF007D2CB2 /* Info.plist */,
			);
			path = sampleTests;
			sourceTree = "<group>";
		};
		625B68621ECDEFFF007D2CB2 /* sampleUITests */ = {
			isa = PBXGroup;
			children = (
				625B68631ECDEFFF007D2CB2 /* sampleUITests.swift */,
				625B68651ECDEFFF007D2CB2 /* Info.plist */,
			);
			path = sampleUITests;
			sourceTree = "<group>";
		};
		625B68EB1ECDF1A5007D2CB2 /* Rescources */ = {
			isa = PBXGroup;
			children = (
				625B68EC1ECDF1A5007D2CB2 /* defoult_header.png */,
				625B68ED1ECDF1A5007D2CB2 /* defoult_header@2x.png */,
				625B68EE1ECDF1A5007D2CB2 /* defoult_header@3x.png */,
			);
			path = Rescources;
			sourceTree = "<group>";
		};
		62E4D5071EE2A9800034C645 /* IMUICommon */ = {
			isa = PBXGroup;
			children = (
				62E4D5081EE2A9800034C645 /* Controllers */,
				62E4D50A1EE2A9800034C645 /* Extension */,
			);
			name = IMUICommon;
			path = ../../IMUICommon;
			sourceTree = "<group>";
		};
		62E4D5081EE2A9800034C645 /* Controllers */ = {
			isa = PBXGroup;
			children = (
				62E4D5091EE2A9800034C645 /* IMUIAudioPlayerHelper.swift */,
			);
			path = Controllers;
			sourceTree = "<group>";
		};
		62E4D50A1EE2A9800034C645 /* Extension */ = {
			isa = PBXGroup;
			children = (
				62E4D50B1EE2A9800034C645 /* CGRectExtension.swift */,
				62E4D50C1EE2A9800034C645 /* CIImageExtension.swift */,
				62E4D50D1EE2A9800034C645 /* CMSampleBufferExtension.swift */,
				62E4D50E1EE2A9800034C645 /* DateExtension.swift */,
				62E4D50F1EE2A9800034C645 /* StringExtension.swift */,
				62E4D5101EE2A9800034C645 /* UIColorExtension.swift */,
				62E4D5111EE2A9800034C645 /* UIImageExtension.swift */,
				62E4D5121EE2A9800034C645 /* UIViewExtension.swift */,
			);
			path = Extension;
			sourceTree = "<group>";
		};
		62E4D5131EE2A9800034C645 /* IMUIInputView */ = {
			isa = PBXGroup;
			children = (
				62E4D5141EE2A9800034C645 /* Assets */,
				62E4D5161EE2A9800034C645 /* Controllers */,
				62E4D51B1EE2A9800034C645 /* Extension */,
				62E4D51D1EE2A9800034C645 /* Protocal */,
				62E4D51F1EE2A9800034C645 /* Views */,
			);
			name = IMUIInputView;
			path = ../../IMUIInputView;
			sourceTree = "<group>";
		};
		62E4D5141EE2A9800034C645 /* Assets */ = {
			isa = PBXGroup;
			children = (
				62E4D5151EE2A9800034C645 /* IMUIInputViewAssets.bundle */,
			);
			path = Assets;
			sourceTree = "<group>";
		};
		62E4D5161EE2A9800034C645 /* Controllers */ = {
			isa = PBXGroup;
			children = (
				62E4D5171EE2A9800034C645 /* IMUIGalleryDataManager.swift */,
				62E4D5181EE2A9800034C645 /* IMUIInputView.swift */,
				62E4D5191EE2A9800034C645 /* IMUIInputView.xib */,
				62E4D51A1EE2A9800034C645 /* IMUIRecordVoiceHelper.swift */,
			);
			path = Controllers;
			sourceTree = "<group>";
		};
		62E4D51B1EE2A9800034C645 /* Extension */ = {
			isa = PBXGroup;
			children = (
				62E4D51C1EE2A9800034C645 /* BundleInputViewExtension.swift */,
			);
			path = Extension;
			sourceTree = "<group>";
		};
		62E4D51D1EE2A9800034C645 /* Protocal */ = {
			isa = PBXGroup;
			children = (
				62E4D51E1EE2A9800034C645 /* IMUIInputViewDelegate.swift */,
			);
			path = Protocal;
			sourceTree = "<group>";
		};
		62E4D51F1EE2A9800034C645 /* Views */ = {
			isa = PBXGroup;
			children = (
				62E4D5201EE2A9800034C645 /* IMUICameraCell.swift */,
				62E4D5211EE2A9800034C645 /* IMUICameraCell.xib */,
				62E4D5221EE2A9800034C645 /* IMUICameraPreviewView.swift */,
				62E4D5231EE2A9800034C645 /* IMUIFeatureView.swift */,
				62E4D5241EE2A9800034C645 /* IMUIFeatureView.xib */,
				62E4D5251EE2A9800034C645 /* IMUIGalleryCell.swift */,
				62E4D5261EE2A9800034C645 /* IMUIGalleryCell.xib */,
				62E4D5271EE2A9800034C645 /* IMUIPhotoCaptureDelegate.swift */,
				62E4D5281EE2A9800034C645 /* IMUIProgressButton.swift */,
				62E4D5291EE2A9800034C645 /* IMUIRecordVoiceCell.swift */,
				62E4D52A1EE2A9800034C645 /* IMUIRecordVoiceCell.xib */,
			);
			path = Views;
			sourceTree = "<group>";
		};
		62E4D52B1EE2A9800034C645 /* IMUIMessageCollectionView */ = {
			isa = PBXGroup;
			children = (
				62E4D52C1EE2A9800034C645 /* Assets */,
				62E4D52E1EE2A9800034C645 /* Controllers */,
				62E4D5321EE2A9800034C645 /* Extension */,
				62E4D5351EE2A9800034C645 /* IMUI.h */,
				62E4D5361EE2A9800034C645 /* Layout */,
				62E4D5381EE2A9800034C645 /* Models */,
				62E4D53C1EE2A9800034C645 /* Protocol */,
				62E4D5431EE2A9800034C645 /* Views */,
			);
			name = IMUIMessageCollectionView;
			path = ../../IMUIMessageCollectionView;
			sourceTree = "<group>";
		};
		62E4D52C1EE2A9800034C645 /* Assets */ = {
			isa = PBXGroup;
			children = (
				62E4D52D1EE2A9800034C645 /* IMUIAssets.bundle */,
			);
			path = Assets;
			sourceTree = "<group>";
		};
		62E4D52E1EE2A9800034C645 /* Controllers */ = {
			isa = PBXGroup;
			children = (
				62E4D52F1EE2A9800034C645 /* IMUIChatDataManager.swift */,
				62E4D5301EE2A9800034C645 /* IMUIChatLayout.swift */,
				62E4D5311EE2A9800034C645 /* IMUIVideoFileLoader.swift */,
			);
			path = Controllers;
			sourceTree = "<group>";
		};
		62E4D5321EE2A9800034C645 /* Extension */ = {
			isa = PBXGroup;
			children = (
				62E4D5331EE2A9800034C645 /* BundleMessageListExtension.swift */,
				62E4D5341EE2A9800034C645 /* UIImageMessageListExtension.swift */,
			);
			path = Extension;
			sourceTree = "<group>";
		};
		62E4D5361EE2A9800034C645 /* Layout */ = {
			isa = PBXGroup;
			children = (
				62E4D5371EE2A9800034C645 /* IMUIMessageCellLayout.swift */,
			);
			path = Layout;
			sourceTree = "<group>";
		};
		62E4D5381EE2A9800034C645 /* Models */ = {
			isa = PBXGroup;
			children = (
				62E4D5391EE2A9800034C645 /* IMUIMessageModel.swift */,
				62E4D53A1EE2A9800034C645 /* IMUIReuseViewCache.swift */,
				62E4D53B1EE2A9800034C645 /* IMUIViewCache.swift */,
			);
			path = Models;
			sourceTree = "<group>";
		};
		62E4D53C1EE2A9800034C645 /* Protocol */ = {
			isa = PBXGroup;
			children = (
				62E4D53D1EE2A9800034C645 /* IMUIMessageCellLayoutProtocal.swift */,
				62E4D53E1EE2A9800034C645 /* IMUIMessageCellProtocal.swift */,
				62E4D53F1EE2A9800034C645 /* IMUIMessageMessageCollectionViewDelegate.swift */,
				62E4D5401EE2A9800034C645 /* IMUIMessageModelProtocol.swift */,
				62E4D5411EE2A9800034C645 /* IMUIMessageStatusViewProtocal.swift */,
				62E4D5421EE2A9800034C645 /* IMUIUserProtocol.swift */,
			);
			path = Protocol;
			sourceTree = "<group>";
		};
		62E4D5431EE2A9800034C645 /* Views */ = {
			isa = PBXGroup;
			children = (
				62E4D5441EE2A9800034C645 /* CIImageView.swift */,
				62E4D5451EE2A9800034C645 /* IMUIBaseMessageCell.swift */,
				62E4D5461EE2A9800034C645 /* IMUIImageMessageCell.swift */,
				62E4D5471EE2A9800034C645 /* IMUILiveVideoMessageCell.swift */,
				62E4D5481EE2A9800034C645 /* IMUIMessageBubbleView.swift */,
				62E4D5491EE2A9800034C645 /* IMUIMessageCollectionView.swift */,
				62E4D54A1EE2A9800034C645 /* IMUIMessageCollectionView.xib */,
				62E4D54B1EE2A9800034C645 /* IMUIMessageStatusView.swift */,
				62E4D54C1EE2A9800034C645 /* IMUITextMessageCell.swift */,
				62E4D54D1EE2A9800034C645 /* IMUITextView.swift */,
				62E4D54E1EE2A9800034C645 /* IMUIVideoMessageCell.swift */,
				62E4D54F1EE2A9800034C645 /* IMUIVoiceMessageCell.swift */,
			);
			path = Views;
			sourceTree = "<group>";
		};
/* End PBXGroup section */

/* Begin PBXNativeTarget section */
		625B683F1ECDEFFF007D2CB2 /* sample */ = {
			isa = PBXNativeTarget;
			buildConfigurationList = 625B68681ECDEFFF007D2CB2 /* Build configuration list for PBXNativeTarget "sample" */;
			buildPhases = (
				625B683C1ECDEFFF007D2CB2 /* Sources */,
				625B683D1ECDEFFF007D2CB2 /* Frameworks */,
				625B683E1ECDEFFF007D2CB2 /* Resources */,
			);
			buildRules = (
			);
			dependencies = (
			);
			name = sample;
			productName = sample;
			productReference = 625B68401ECDEFFF007D2CB2 /* sample.app */;
			productType = "com.apple.product-type.application";
		};
		625B68531ECDEFFF007D2CB2 /* sampleTests */ = {
			isa = PBXNativeTarget;
			buildConfigurationList = 625B686B1ECDEFFF007D2CB2 /* Build configuration list for PBXNativeTarget "sampleTests" */;
			buildPhases = (
				625B68501ECDEFFF007D2CB2 /* Sources */,
				625B68511ECDEFFF007D2CB2 /* Frameworks */,
				625B68521ECDEFFF007D2CB2 /* Resources */,
			);
			buildRules = (
			);
			dependencies = (
				625B68561ECDEFFF007D2CB2 /* PBXTargetDependency */,
			);
			name = sampleTests;
			productName = sampleTests;
			productReference = 625B68541ECDEFFF007D2CB2 /* sampleTests.xctest */;
			productType = "com.apple.product-type.bundle.unit-test";
		};
		625B685E1ECDEFFF007D2CB2 /* sampleUITests */ = {
			isa = PBXNativeTarget;
			buildConfigurationList = 625B686E1ECDEFFF007D2CB2 /* Build configuration list for PBXNativeTarget "sampleUITests" */;
			buildPhases = (
				625B685B1ECDEFFF007D2CB2 /* Sources */,
				625B685C1ECDEFFF007D2CB2 /* Frameworks */,
				625B685D1ECDEFFF007D2CB2 /* Resources */,
			);
			buildRules = (
			);
			dependencies = (
				625B68611ECDEFFF007D2CB2 /* PBXTargetDependency */,
			);
			name = sampleUITests;
			productName = sampleUITests;
			productReference = 625B685F1ECDEFFF007D2CB2 /* sampleUITests.xctest */;
			productType = "com.apple.product-type.bundle.ui-testing";
		};
/* End PBXNativeTarget section */

/* Begin PBXProject section */
		625B68381ECDEFFF007D2CB2 /* Project object */ = {
			isa = PBXProject;
			attributes = {
				LastSwiftUpdateCheck = 0830;
				LastUpgradeCheck = 0830;
				ORGANIZATIONNAME = HXHG;
				TargetAttributes = {
					625B683F1ECDEFFF007D2CB2 = {
						CreatedOnToolsVersion = 8.3.2;
						DevelopmentTeam = RL64Y54S9V;
						ProvisioningStyle = Automatic;
					};
					625B68531ECDEFFF007D2CB2 = {
						CreatedOnToolsVersion = 8.3.2;
						DevelopmentTeam = RL64Y54S9V;
						ProvisioningStyle = Automatic;
						TestTargetID = 625B683F1ECDEFFF007D2CB2;
					};
					625B685E1ECDEFFF007D2CB2 = {
						CreatedOnToolsVersion = 8.3.2;
						DevelopmentTeam = RL64Y54S9V;
						ProvisioningStyle = Automatic;
						TestTargetID = 625B683F1ECDEFFF007D2CB2;
					};
				};
			};
			buildConfigurationList = 625B683B1ECDEFFF007D2CB2 /* Build configuration list for PBXProject "sample" */;
			compatibilityVersion = "Xcode 3.2";
			developmentRegion = English;
			hasScannedForEncodings = 0;
			knownRegions = (
				en,
				Base,
			);
			mainGroup = 625B68371ECDEFFF007D2CB2;
			productRefGroup = 625B68411ECDEFFF007D2CB2 /* Products */;
			projectDirPath = "";
			projectRoot = "";
			targets = (
				625B683F1ECDEFFF007D2CB2 /* sample */,
				625B68531ECDEFFF007D2CB2 /* sampleTests */,
				625B685E1ECDEFFF007D2CB2 /* sampleUITests */,
			);
		};
/* End PBXProject section */

/* Begin PBXResourcesBuildPhase section */
		625B683E1ECDEFFF007D2CB2 /* Resources */ = {
			isa = PBXResourcesBuildPhase;
			buildActionMask = 2147483647;
			files = (
				625B68EF1ECDF1A5007D2CB2 /* defoult_header.png in Resources */,
				62E4D55C1EE2A9800034C645 /* IMUIInputView.xib in Resources */,
				62E4D5811EE2A9800034C645 /* IMUIMessageCollectionView.xib in Resources */,
				62E4D56B1EE2A9800034C645 /* IMUIAssets.bundle in Resources */,
				625B684E1ECDEFFF007D2CB2 /* LaunchScreen.storyboard in Resources */,
				62E4D5591EE2A9800034C645 /* IMUIInputViewAssets.bundle in Resources */,
				625B68F01ECDF1A5007D2CB2 /* defoult_header@2x.png in Resources */,
				62E4D56A1EE2A9800034C645 /* IMUIRecordVoiceCell.xib in Resources */,
				62E4D5661EE2A9800034C645 /* IMUIGalleryCell.xib in Resources */,
				625B684B1ECDEFFF007D2CB2 /* Assets.xcassets in Resources */,
				625B68F11ECDF1A5007D2CB2 /* defoult_header@3x.png in Resources */,
				62E4D5641EE2A9800034C645 /* IMUIFeatureView.xib in Resources */,
				625B68491ECDEFFF007D2CB2 /* Main.storyboard in Resources */,
				62E4D5611EE2A9800034C645 /* IMUICameraCell.xib in Resources */,
			);
			runOnlyForDeploymentPostprocessing = 0;
		};
		625B68521ECDEFFF007D2CB2 /* Resources */ = {
			isa = PBXResourcesBuildPhase;
			buildActionMask = 2147483647;
			files = (
			);
			runOnlyForDeploymentPostprocessing = 0;
		};
		625B685D1ECDEFFF007D2CB2 /* Resources */ = {
			isa = PBXResourcesBuildPhase;
			buildActionMask = 2147483647;
			files = (
			);
			runOnlyForDeploymentPostprocessing = 0;
		};
/* End PBXResourcesBuildPhase section */

/* Begin PBXSourcesBuildPhase section */
		625B683C1ECDEFFF007D2CB2 /* Sources */ = {
			isa = PBXSourcesBuildPhase;
			buildActionMask = 2147483647;
			files = (
				62E4D5501EE2A9800034C645 /* IMUIAudioPlayerHelper.swift in Sources */,
				62E4D57F1EE2A9800034C645 /* IMUIMessageBubbleView.swift in Sources */,
				62E4D5531EE2A9800034C645 /* CMSampleBufferExtension.swift in Sources */,
				62E4D55F1EE2A9800034C645 /* IMUIInputViewDelegate.swift in Sources */,
				62E4D5711EE2A9800034C645 /* IMUIMessageCellLayout.swift in Sources */,
				62E4D55B1EE2A9800034C645 /* IMUIInputView.swift in Sources */,
				62E4D5781EE2A9800034C645 /* IMUIMessageModelProtocol.swift in Sources */,
				62E4D5861EE2A9800034C645 /* IMUIVoiceMessageCell.swift in Sources */,
				62E4D5761EE2A9800034C645 /* IMUIMessageCellProtocal.swift in Sources */,
				62E4D5551EE2A9800034C645 /* StringExtension.swift in Sources */,
				625B68461ECDEFFF007D2CB2 /* ViewController.swift in Sources */,
				625B68441ECDEFFF007D2CB2 /* AppDelegate.swift in Sources */,
				62E4D5541EE2A9800034C645 /* DateExtension.swift in Sources */,
				62E4D55A1EE2A9800034C645 /* IMUIGalleryDataManager.swift in Sources */,
				62E4D5521EE2A9800034C645 /* CIImageExtension.swift in Sources */,
				62E4D5771EE2A9800034C645 /* IMUIMessageMessageCollectionViewDelegate.swift in Sources */,
				62E4D5511EE2A9800034C645 /* CGRectExtension.swift in Sources */,
				62E4D5701EE2A9800034C645 /* UIImageMessageListExtension.swift in Sources */,
				62E4D5671EE2A9800034C645 /* IMUIPhotoCaptureDelegate.swift in Sources */,
				62E4D5831EE2A9800034C645 /* IMUITextMessageCell.swift in Sources */,
				62E4D5601EE2A9800034C645 /* IMUICameraCell.swift in Sources */,
				62E4D5651EE2A9800034C645 /* IMUIGalleryCell.swift in Sources */,
				62E4D56D1EE2A9800034C645 /* IMUIChatLayout.swift in Sources */,
				62E4D5621EE2A9800034C645 /* IMUICameraPreviewView.swift in Sources */,
				62E4D5561EE2A9800034C645 /* UIColorExtension.swift in Sources */,
				62E4D57A1EE2A9800034C645 /* IMUIUserProtocol.swift in Sources */,
				62E4D56F1EE2A9800034C645 /* BundleMessageListExtension.swift in Sources */,
				62E4D5681EE2A9800034C645 /* IMUIProgressButton.swift in Sources */,
				62E4D55E1EE2A9800034C645 /* BundleInputViewExtension.swift in Sources */,
				62E4D5691EE2A9800034C645 /* IMUIRecordVoiceCell.swift in Sources */,
				62E4D56C1EE2A9800034C645 /* IMUIChatDataManager.swift in Sources */,
				62E4D5581EE2A9800034C645 /* UIViewExtension.swift in Sources */,
				62E4D5851EE2A9800034C645 /* IMUIVideoMessageCell.swift in Sources */,
				62E4D56E1EE2A9800034C645 /* IMUIVideoFileLoader.swift in Sources */,
				625B68E91ECDF07E007D2CB2 /* MyMessageModel.swift in Sources */,
				62E4D5801EE2A9800034C645 /* IMUIMessageCollectionView.swift in Sources */,
				62E4D5721EE2A9800034C645 /* IMUIMessageModel.swift in Sources */,
				625B68EA1ECDF07E007D2CB2 /* MyUser.swift in Sources */,
				62E4D5751EE2A9800034C645 /* IMUIMessageCellLayoutProtocal.swift in Sources */,
				62E4D57D1EE2A9800034C645 /* IMUIImageMessageCell.swift in Sources */,
				62E4D57B1EE2A9800034C645 /* CIImageView.swift in Sources */,
				62E4D5571EE2A9800034C645 /* UIImageExtension.swift in Sources */,
				62E4D57E1EE2A9800034C645 /* IMUILiveVideoMessageCell.swift in Sources */,
				62E4D5731EE2A9800034C645 /* IMUIReuseViewCache.swift in Sources */,
				62E4D5741EE2A9800034C645 /* IMUIViewCache.swift in Sources */,
				62E4D5791EE2A9800034C645 /* IMUIMessageStatusViewProtocal.swift in Sources */,
				62E4D55D1EE2A9800034C645 /* IMUIRecordVoiceHelper.swift in Sources */,
				62E4D57C1EE2A9800034C645 /* IMUIBaseMessageCell.swift in Sources */,
				62E4D5841EE2A9800034C645 /* IMUITextView.swift in Sources */,
				62E4D5631EE2A9800034C645 /* IMUIFeatureView.swift in Sources */,
				62E4D5821EE2A9800034C645 /* IMUIMessageStatusView.swift in Sources */,
			);
			runOnlyForDeploymentPostprocessing = 0;
		};
		625B68501ECDEFFF007D2CB2 /* Sources */ = {
			isa = PBXSourcesBuildPhase;
			buildActionMask = 2147483647;
			files = (
				625B68591ECDEFFF007D2CB2 /* sampleTests.swift in Sources */,
			);
			runOnlyForDeploymentPostprocessing = 0;
		};
		625B685B1ECDEFFF007D2CB2 /* Sources */ = {
			isa = PBXSourcesBuildPhase;
			buildActionMask = 2147483647;
			files = (
				625B68641ECDEFFF007D2CB2 /* sampleUITests.swift in Sources */,
			);
			runOnlyForDeploymentPostprocessing = 0;
		};
/* End PBXSourcesBuildPhase section */

/* Begin PBXTargetDependency section */
		625B68561ECDEFFF007D2CB2 /* PBXTargetDependency */ = {
			isa = PBXTargetDependency;
			target = 625B683F1ECDEFFF007D2CB2 /* sample */;
			targetProxy = 625B68551ECDEFFF007D2CB2 /* PBXContainerItemProxy */;
		};
		625B68611ECDEFFF007D2CB2 /* PBXTargetDependency */ = {
			isa = PBXTargetDependency;
			target = 625B683F1ECDEFFF007D2CB2 /* sample */;
			targetProxy = 625B68601ECDEFFF007D2CB2 /* PBXContainerItemProxy */;
		};
/* End PBXTargetDependency section */

/* Begin PBXVariantGroup section */
		625B68471ECDEFFF007D2CB2 /* Main.storyboard */ = {
			isa = PBXVariantGroup;
			children = (
				625B68481ECDEFFF007D2CB2 /* Base */,
			);
			name = Main.storyboard;
			sourceTree = "<group>";
		};
		625B684C1ECDEFFF007D2CB2 /* LaunchScreen.storyboard */ = {
			isa = PBXVariantGroup;
			children = (
				625B684D1ECDEFFF007D2CB2 /* Base */,
			);
			name = LaunchScreen.storyboard;
			sourceTree = "<group>";
		};
/* End PBXVariantGroup section */

/* Begin XCBuildConfiguration section */
		625B68661ECDEFFF007D2CB2 /* Debug */ = {
			isa = XCBuildConfiguration;
			buildSettings = {
				ALWAYS_SEARCH_USER_PATHS = NO;
				CLANG_ANALYZER_NONNULL = YES;
				CLANG_ANALYZER_NUMBER_OBJECT_CONVERSION = YES_AGGRESSIVE;
				CLANG_CXX_LANGUAGE_STANDARD = "gnu++0x";
				CLANG_CXX_LIBRARY = "libc++";
				CLANG_ENABLE_MODULES = YES;
				CLANG_ENABLE_OBJC_ARC = YES;
				CLANG_WARN_BOOL_CONVERSION = YES;
				CLANG_WARN_CONSTANT_CONVERSION = YES;
				CLANG_WARN_DIRECT_OBJC_ISA_USAGE = YES_ERROR;
				CLANG_WARN_DOCUMENTATION_COMMENTS = YES;
				CLANG_WARN_EMPTY_BODY = YES;
				CLANG_WARN_ENUM_CONVERSION = YES;
				CLANG_WARN_INFINITE_RECURSION = YES;
				CLANG_WARN_INT_CONVERSION = YES;
				CLANG_WARN_OBJC_ROOT_CLASS = YES_ERROR;
				CLANG_WARN_SUSPICIOUS_MOVE = YES;
				CLANG_WARN_UNREACHABLE_CODE = YES;
				CLANG_WARN__DUPLICATE_METHOD_MATCH = YES;
				"CODE_SIGN_IDENTITY[sdk=iphoneos*]" = "iPhone Developer";
				COPY_PHASE_STRIP = NO;
				DEBUG_INFORMATION_FORMAT = dwarf;
				ENABLE_STRICT_OBJC_MSGSEND = YES;
				ENABLE_TESTABILITY = YES;
				GCC_C_LANGUAGE_STANDARD = gnu99;
				GCC_DYNAMIC_NO_PIC = NO;
				GCC_NO_COMMON_BLOCKS = YES;
				GCC_OPTIMIZATION_LEVEL = 0;
				GCC_PREPROCESSOR_DEFINITIONS = (
					"DEBUG=1",
					"$(inherited)",
				);
				GCC_WARN_64_TO_32_BIT_CONVERSION = YES;
				GCC_WARN_ABOUT_RETURN_TYPE = YES_ERROR;
				GCC_WARN_UNDECLARED_SELECTOR = YES;
				GCC_WARN_UNINITIALIZED_AUTOS = YES_AGGRESSIVE;
				GCC_WARN_UNUSED_FUNCTION = YES;
				GCC_WARN_UNUSED_VARIABLE = YES;
				IPHONEOS_DEPLOYMENT_TARGET = 10.3;
				MTL_ENABLE_DEBUG_INFO = YES;
				ONLY_ACTIVE_ARCH = YES;
				SDKROOT = iphoneos;
				SWIFT_ACTIVE_COMPILATION_CONDITIONS = DEBUG;
				SWIFT_OPTIMIZATION_LEVEL = "-Onone";
				TARGETED_DEVICE_FAMILY = "1,2";
			};
			name = Debug;
		};
		625B68671ECDEFFF007D2CB2 /* Release */ = {
			isa = XCBuildConfiguration;
			buildSettings = {
				ALWAYS_SEARCH_USER_PATHS = NO;
				CLANG_ANALYZER_NONNULL = YES;
				CLANG_ANALYZER_NUMBER_OBJECT_CONVERSION = YES_AGGRESSIVE;
				CLANG_CXX_LANGUAGE_STANDARD = "gnu++0x";
				CLANG_CXX_LIBRARY = "libc++";
				CLANG_ENABLE_MODULES = YES;
				CLANG_ENABLE_OBJC_ARC = YES;
				CLANG_WARN_BOOL_CONVERSION = YES;
				CLANG_WARN_CONSTANT_CONVERSION = YES;
				CLANG_WARN_DIRECT_OBJC_ISA_USAGE = YES_ERROR;
				CLANG_WARN_DOCUMENTATION_COMMENTS = YES;
				CLANG_WARN_EMPTY_BODY = YES;
				CLANG_WARN_ENUM_CONVERSION = YES;
				CLANG_WARN_INFINITE_RECURSION = YES;
				CLANG_WARN_INT_CONVERSION = YES;
				CLANG_WARN_OBJC_ROOT_CLASS = YES_ERROR;
				CLANG_WARN_SUSPICIOUS_MOVE = YES;
				CLANG_WARN_UNREACHABLE_CODE = YES;
				CLANG_WARN__DUPLICATE_METHOD_MATCH = YES;
				"CODE_SIGN_IDENTITY[sdk=iphoneos*]" = "iPhone Developer";
				COPY_PHASE_STRIP = NO;
				DEBUG_INFORMATION_FORMAT = "dwarf-with-dsym";
				ENABLE_NS_ASSERTIONS = NO;
				ENABLE_STRICT_OBJC_MSGSEND = YES;
				GCC_C_LANGUAGE_STANDARD = gnu99;
				GCC_NO_COMMON_BLOCKS = YES;
				GCC_WARN_64_TO_32_BIT_CONVERSION = YES;
				GCC_WARN_ABOUT_RETURN_TYPE = YES_ERROR;
				GCC_WARN_UNDECLARED_SELECTOR = YES;
				GCC_WARN_UNINITIALIZED_AUTOS = YES_AGGRESSIVE;
				GCC_WARN_UNUSED_FUNCTION = YES;
				GCC_WARN_UNUSED_VARIABLE = YES;
				IPHONEOS_DEPLOYMENT_TARGET = 10.3;
				MTL_ENABLE_DEBUG_INFO = NO;
				SDKROOT = iphoneos;
				SWIFT_OPTIMIZATION_LEVEL = "-Owholemodule";
				TARGETED_DEVICE_FAMILY = "1,2";
				VALIDATE_PRODUCT = YES;
			};
			name = Release;
		};
		625B68691ECDEFFF007D2CB2 /* Debug */ = {
			isa = XCBuildConfiguration;
			buildSettings = {
				ASSETCATALOG_COMPILER_APPICON_NAME = AppIcon;
				DEVELOPMENT_TEAM = RL64Y54S9V;
				INFOPLIST_FILE = sample/Info.plist;
				IPHONEOS_DEPLOYMENT_TARGET = 8.0;
				LD_RUNPATH_SEARCH_PATHS = "$(inherited) @executable_path/Frameworks";
				PRODUCT_BUNDLE_IDENTIFIER = HXHG.sample;
				PRODUCT_NAME = "$(TARGET_NAME)";
				SWIFT_VERSION = 3.0;
			};
			name = Debug;
		};
		625B686A1ECDEFFF007D2CB2 /* Release */ = {
			isa = XCBuildConfiguration;
			buildSettings = {
				ASSETCATALOG_COMPILER_APPICON_NAME = AppIcon;
				DEVELOPMENT_TEAM = RL64Y54S9V;
				INFOPLIST_FILE = sample/Info.plist;
				IPHONEOS_DEPLOYMENT_TARGET = 8.0;
				LD_RUNPATH_SEARCH_PATHS = "$(inherited) @executable_path/Frameworks";
				PRODUCT_BUNDLE_IDENTIFIER = HXHG.sample;
				PRODUCT_NAME = "$(TARGET_NAME)";
				SWIFT_VERSION = 3.0;
			};
			name = Release;
		};
		625B686C1ECDEFFF007D2CB2 /* Debug */ = {
			isa = XCBuildConfiguration;
			buildSettings = {
				ALWAYS_EMBED_SWIFT_STANDARD_LIBRARIES = YES;
				BUNDLE_LOADER = "$(TEST_HOST)";
				DEVELOPMENT_TEAM = RL64Y54S9V;
				INFOPLIST_FILE = sampleTests/Info.plist;
				LD_RUNPATH_SEARCH_PATHS = "$(inherited) @executable_path/Frameworks @loader_path/Frameworks";
				PRODUCT_BUNDLE_IDENTIFIER = HXHG.sampleTests;
				PRODUCT_NAME = "$(TARGET_NAME)";
				SWIFT_VERSION = 3.0;
				TEST_HOST = "$(BUILT_PRODUCTS_DIR)/sample.app/sample";
			};
			name = Debug;
		};
		625B686D1ECDEFFF007D2CB2 /* Release */ = {
			isa = XCBuildConfiguration;
			buildSettings = {
				ALWAYS_EMBED_SWIFT_STANDARD_LIBRARIES = YES;
				BUNDLE_LOADER = "$(TEST_HOST)";
				DEVELOPMENT_TEAM = RL64Y54S9V;
				INFOPLIST_FILE = sampleTests/Info.plist;
				LD_RUNPATH_SEARCH_PATHS = "$(inherited) @executable_path/Frameworks @loader_path/Frameworks";
				PRODUCT_BUNDLE_IDENTIFIER = HXHG.sampleTests;
				PRODUCT_NAME = "$(TARGET_NAME)";
				SWIFT_VERSION = 3.0;
				TEST_HOST = "$(BUILT_PRODUCTS_DIR)/sample.app/sample";
			};
			name = Release;
		};
		625B686F1ECDEFFF007D2CB2 /* Debug */ = {
			isa = XCBuildConfiguration;
			buildSettings = {
				ALWAYS_EMBED_SWIFT_STANDARD_LIBRARIES = YES;
				DEVELOPMENT_TEAM = RL64Y54S9V;
				INFOPLIST_FILE = sampleUITests/Info.plist;
				LD_RUNPATH_SEARCH_PATHS = "$(inherited) @executable_path/Frameworks @loader_path/Frameworks";
				PRODUCT_BUNDLE_IDENTIFIER = HXHG.sampleUITests;
				PRODUCT_NAME = "$(TARGET_NAME)";
				SWIFT_VERSION = 3.0;
				TEST_TARGET_NAME = sample;
			};
			name = Debug;
		};
		625B68701ECDEFFF007D2CB2 /* Release */ = {
			isa = XCBuildConfiguration;
			buildSettings = {
				ALWAYS_EMBED_SWIFT_STANDARD_LIBRARIES = YES;
				DEVELOPMENT_TEAM = RL64Y54S9V;
				INFOPLIST_FILE = sampleUITests/Info.plist;
				LD_RUNPATH_SEARCH_PATHS = "$(inherited) @executable_path/Frameworks @loader_path/Frameworks";
				PRODUCT_BUNDLE_IDENTIFIER = HXHG.sampleUITests;
				PRODUCT_NAME = "$(TARGET_NAME)";
				SWIFT_VERSION = 3.0;
				TEST_TARGET_NAME = sample;
			};
			name = Release;
		};
/* End XCBuildConfiguration section */

/* Begin XCConfigurationList section */
		625B683B1ECDEFFF007D2CB2 /* Build configuration list for PBXProject "sample" */ = {
			isa = XCConfigurationList;
			buildConfigurations = (
				625B68661ECDEFFF007D2CB2 /* Debug */,
				625B68671ECDEFFF007D2CB2 /* Release */,
			);
			defaultConfigurationIsVisible = 0;
			defaultConfigurationName = Release;
		};
		625B68681ECDEFFF007D2CB2 /* Build configuration list for PBXNativeTarget "sample" */ = {
			isa = XCConfigurationList;
			buildConfigurations = (
				625B68691ECDEFFF007D2CB2 /* Debug */,
				625B686A1ECDEFFF007D2CB2 /* Release */,
			);
			defaultConfigurationIsVisible = 0;
			defaultConfigurationName = Release;
		};
		625B686B1ECDEFFF007D2CB2 /* Build configuration list for PBXNativeTarget "sampleTests" */ = {
			isa = XCConfigurationList;
			buildConfigurations = (
				625B686C1ECDEFFF007D2CB2 /* Debug */,
				625B686D1ECDEFFF007D2CB2 /* Release */,
			);
			defaultConfigurationIsVisible = 0;
			defaultConfigurationName = Release;
		};
		625B686E1ECDEFFF007D2CB2 /* Build configuration list for PBXNativeTarget "sampleUITests" */ = {
			isa = XCConfigurationList;
			buildConfigurations = (
				625B686F1ECDEFFF007D2CB2 /* Debug */,
				625B68701ECDEFFF007D2CB2 /* Release */,
			);
			defaultConfigurationIsVisible = 0;
			defaultConfigurationName = Release;
		};
/* End XCConfigurationList section */
	};
	rootObject = 625B68381ECDEFFF007D2CB2 /* Project object */;
}
